
Microsoft Visual Studio Solution File, Format Version 12.00
# Visual Studio Version 17
VisualStudioVersion = 17.0.31903.59
MinimumVisualStudioVersion = 10.0.40219.1
Project("{FAE04EC0-301F-11D3-BF4B-00C04F79EFBC}") = "Wordle", "Wordle\Wordle.csproj", "{478D14F3-730F-4382-BD2D-D083D94ACF3E}"
EndProject
Project("{FAE04EC0-301F-11D3-BF4B-00C04F79EFBC}") = "Game", "..\..\..\Application Development\Week1\HighLow\Game\Game.csproj", "{B11337E0-F717-4B6E-BF76-157B3C3A07BE}"
EndProject
Global
	GlobalSection(SolutionConfigurationPlatforms) = preSolution
		Debug|Any CPU = Debug|Any CPU
		Release|Any CPU = Release|Any CPU
	EndGlobalSection
	GlobalSection(SolutionProperties) = preSolution
		HideSolutionNode = FALSE
	EndGlobalSection
	GlobalSection(ProjectConfigurationPlatforms) = postSolution
		{478D14F3-730F-4382-BD2D-D083D94ACF3E}.Debug|Any CPU.ActiveCfg = Debug|Any CPU
		{478D14F3-730F-4382-BD2D-D083D94ACF3E}.Debug|Any CPU.Build.0 = Debug|Any CPU
		{478D14F3-730F-4382-BD2D-D083D94ACF3E}.Release|Any CPU.ActiveCfg = Release|Any CPU
		{478D14F3-730F-4382-BD2D-D083D94ACF3E}.Release|Any CPU.Build.0 = Release|Any CPU
		{B11337E0-F717-4B6E-BF76-157B3C3A07BE}.Debug|Any CPU.ActiveCfg = Debug|Any CPU
		{B11337E0-F717-4B6E-BF76-157B3C3A07BE}.Debug|Any CPU.Build.0 = Debug|Any CPU
		{B11337E0-F717-4B6E-BF76-157B3C3A07BE}.Release|Any CPU.ActiveCfg = Release|Any CPU
		{B11337E0-F717-4B6E-BF76-157B3C3A07BE}.Release|Any CPU.Build.0 = Release|Any CPU
	EndGlobalSection
EndGlobal
