Microsoft Visual Studio Solution File, Format Version 12.00
# Visual Studio Version 17
VisualStudioVersion = 17.5.2.0
MinimumVisualStudioVersion = 10.0.40219.1
Project("{FAE04EC0-301F-11D3-BF4B-00C04F79EFBC}") = "GameConsole", "GameConsole.csproj", "{A902379C-45F0-4118-A12B-609DCDFA72A5}"
EndProject
Project("{FAE04EC0-301F-11D3-BF4B-00C04F79EFBC}") = "CalorieCounter", "..\..\..\Week 4\CalorieCounter\CalorieCounter\CalorieCounter.csproj", "{5C6DD356-2E4D-4D6F-A4F5-8FCE6BB91ACA}"
EndProject
Global
	GlobalSection(SolutionConfigurationPlatforms) = preSolution
		Debug|Any CPU = Debug|Any CPU
		Release|Any CPU = Release|Any CPU
	EndGlobalSection
	GlobalSection(ProjectConfigurationPlatforms) = postSolution
		{A902379C-45F0-4118-A12B-609DCDFA72A5}.Debug|Any CPU.ActiveCfg = Debug|Any CPU
		{A902379C-45F0-4118-A12B-609DCDFA72A5}.Debug|Any CPU.Build.0 = Debug|Any CPU
		{A902379C-45F0-4118-A12B-609DCDFA72A5}.Release|Any CPU.ActiveCfg = Release|Any CPU
		{A902379C-45F0-4118-A12B-609DCDFA72A5}.Release|Any CPU.Build.0 = Release|Any CPU
		{5C6DD356-2E4D-4D6F-A4F5-8FCE6BB91ACA}.Debug|Any CPU.ActiveCfg = Debug|Any CPU
		{5C6DD356-2E4D-4D6F-A4F5-8FCE6BB91ACA}.Debug|Any CPU.Build.0 = Debug|Any CPU
		{5C6DD356-2E4D-4D6F-A4F5-8FCE6BB91ACA}.Release|Any CPU.ActiveCfg = Release|Any CPU
		{5C6DD356-2E4D-4D6F-A4F5-8FCE6BB91ACA}.Release|Any CPU.Build.0 = Release|Any CPU
	EndGlobalSection
	GlobalSection(SolutionProperties) = preSolution
		HideSolutionNode = FALSE
	EndGlobalSection
	GlobalSection(ExtensibilityGlobals) = postSolution
		SolutionGuid = {F5A4F314-9E64-46AE-B834-37B95DD23738}
	EndGlobalSection
EndGlobal
